
Microsoft Visual Studio Solution File, Format Version 12.00
# Visual Studio Version 17
VisualStudioVersion = 17.10.34916.146
MinimumVisualStudioVersion = 10.0.40219.1
Project("{8BC9CEB8-8B4A-11D0-8D11-00A0C91BC942}") = "2.2", "2.2\2.2.vcxproj", "{A7F28B20-90B7-42B2-A7F1-180C8C28F5E2}"
EndProject
Global
	GlobalSection(SolutionConfigurationPlatforms) = preSolution
		Debug|x64 = Debug|x64
		Debug|x86 = Debug|x86
		Release|x64 = Release|x64
		Release|x86 = Release|x86
	EndGlobalSection
	GlobalSection(ProjectConfigurationPlatforms) = postSolution
		{A7F28B20-90B7-42B2-A7F1-180C8C28F5E2}.Debug|x64.ActiveCfg = Debug|x64
		{A7F28B20-90B7-42B2-A7F1-180C8C28F5E2}.Debug|x64.Build.0 = Debug|x64
		{A7F28B20-90B7-42B2-A7F1-180C8C28F5E2}.Debug|x86.ActiveCfg = Debug|Win32
		{A7F28B20-90B7-42B2-A7F1-180C8C28F5E2}.Debug|x86.Build.0 = Debug|Win32
		{A7F28B20-90B7-42B2-A7F1-180C8C28F5E2}.Release|x64.ActiveCfg = Release|x64
		{A7F28B20-90B7-42B2-A7F1-180C8C28F5E2}.Release|x64.Build.0 = Release|x64
		{A7F28B20-90B7-42B2-A7F1-180C8C28F5E2}.Release|x86.ActiveCfg = Release|Win32
		{A7F28B20-90B7-42B2-A7F1-180C8C28F5E2}.Release|x86.Build.0 = Release|Win32
	EndGlobalSection
	GlobalSection(SolutionProperties) = preSolution
		HideSolutionNode = FALSE
	EndGlobalSection
	GlobalSection(ExtensibilityGlobals) = postSolution
		SolutionGuid = {14A92466-B699-4B38-AF8A-3FD620FB96BD}
	EndGlobalSection
EndGlobal
